
Microsoft Visual Studio Solution File, Format Version 12.00
# Visual Studio Version 16
VisualStudioVersion = 16.0.31729.503
MinimumVisualStudioVersion = 10.0.40219.1
Project("{FAE04EC0-301F-11D3-BF4B-00C04F79EFBC}") = "P3_4_1204045", "P3_4_1204045.csproj", "{D9FD5E76-7CBD-47E8-8BEB-9BABA1D7AB81}"
EndProject
Global
	GlobalSection(SolutionConfigurationPlatforms) = preSolution
		Debug|Any CPU = Debug|Any CPU
		Release|Any CPU = Release|Any CPU
	EndGlobalSection
	GlobalSection(ProjectConfigurationPlatforms) = postSolution
		{D9FD5E76-7CBD-47E8-8BEB-9BABA1D7AB81}.Debug|Any CPU.ActiveCfg = Debug|Any CPU
		{D9FD5E76-7CBD-47E8-8BEB-9BABA1D7AB81}.Debug|Any CPU.Build.0 = Debug|Any CPU
		{D9FD5E76-7CBD-47E8-8BEB-9BABA1D7AB81}.Release|Any CPU.ActiveCfg = Release|Any CPU
		{D9FD5E76-7CBD-47E8-8BEB-9BABA1D7AB81}.Release|Any CPU.Build.0 = Release|Any CPU
	EndGlobalSection
	GlobalSection(SolutionProperties) = preSolution
		HideSolutionNode = FALSE
	EndGlobalSection
	GlobalSection(ExtensibilityGlobals) = postSolution
		SolutionGuid = {1A0F88EF-C353-42C5-80FA-D02CBA02D51E}
	EndGlobalSection
EndGlobal
